
Microsoft Visual Studio Solution File, Format Version 12.00
# Visual Studio Version 17
VisualStudioVersion = 17.6.33829.357
MinimumVisualStudioVersion = 10.0.40219.1
Project("{9A19103F-16F7-4668-BE54-9A1E7A4F7556}") = "DevTeamTaskManager.API", "DevTeamTaskManager\DevTeamTaskManager.API.csproj", "{032863F2-E9DA-4E99-A305-E503420D5D9E}"
	ProjectSection(ProjectDependencies) = postProject
		{E33B5313-0498-48E1-A4B6-39264C03427C} = {E33B5313-0498-48E1-A4B6-39264C03427C}
	EndProjectSection
EndProject
Project("{2150E333-8FDC-42A3-9474-1A3956D46DE8}") = "DevTeamTaskManager", "DevTeamTaskManager", "{C628BDED-900C-4E28-8334-BBB6DC8F633A}"
EndProject
Project("{FAE04EC0-301F-11D3-BF4B-00C04F79EFBC}") = "DevTeamTaskManager.Infrastructure", "DevTeamTaskManager.Infrastructure\DevTeamTaskManager.Infrastructure.csproj", "{784BE1D8-BF97-4E13-B38A-D3F82A9FCD5E}"
	ProjectSection(ProjectDependencies) = postProject
		{1065DAF3-CEC3-4B2D-9673-969169C0789D} = {1065DAF3-CEC3-4B2D-9673-969169C0789D}
		{9804AB3B-8E6A-4BA8-B788-3513D6C7FADD} = {9804AB3B-8E6A-4BA8-B788-3513D6C7FADD}
	EndProjectSection
EndProject
Project("{FAE04EC0-301F-11D3-BF4B-00C04F79EFBC}") = "DevTeamTaskManager.Domain", "DevTeamTaskManager.Domain\DevTeamTaskManager.Domain.csproj", "{1065DAF3-CEC3-4B2D-9673-969169C0789D}"
	ProjectSection(ProjectDependencies) = postProject
		{42AD0C4C-8F3A-45B4-AFC9-737437A604E1} = {42AD0C4C-8F3A-45B4-AFC9-737437A604E1}
	EndProjectSection
EndProject
Project("{FAE04EC0-301F-11D3-BF4B-00C04F79EFBC}") = "DevTeamTaskManager.Application", "DevTeamTaskManager.Application\DevTeamTaskManager.Application.csproj", "{E33B5313-0498-48E1-A4B6-39264C03427C}"
	ProjectSection(ProjectDependencies) = postProject
		{1065DAF3-CEC3-4B2D-9673-969169C0789D} = {1065DAF3-CEC3-4B2D-9673-969169C0789D}
		{784BE1D8-BF97-4E13-B38A-D3F82A9FCD5E} = {784BE1D8-BF97-4E13-B38A-D3F82A9FCD5E}
		{E97C9B57-2C5C-44E5-877B-D27136B9D277} = {E97C9B57-2C5C-44E5-877B-D27136B9D277}
	EndProjectSection
EndProject
Project("{2150E333-8FDC-42A3-9474-1A3956D46DE8}") = "BuildingBlocks", "BuildingBlocks", "{FC0520C5-09F9-4E5B-85A7-07FF968C402A}"
EndProject
Project("{FAE04EC0-301F-11D3-BF4B-00C04F79EFBC}") = "BuildingBlocks.Application", "BuildingBlocks.Application\BuildingBlocks.Application.csproj", "{E97C9B57-2C5C-44E5-877B-D27136B9D277}"
	ProjectSection(ProjectDependencies) = postProject
		{42AD0C4C-8F3A-45B4-AFC9-737437A604E1} = {42AD0C4C-8F3A-45B4-AFC9-737437A604E1}
	EndProjectSection
EndProject
Project("{FAE04EC0-301F-11D3-BF4B-00C04F79EFBC}") = "BuildingBlocks.Infrastructure", "BuildingBlocks.Infrastructure\BuildingBlocks.Infrastructure.csproj", "{9804AB3B-8E6A-4BA8-B788-3513D6C7FADD}"
	ProjectSection(ProjectDependencies) = postProject
		{42AD0C4C-8F3A-45B4-AFC9-737437A604E1} = {42AD0C4C-8F3A-45B4-AFC9-737437A604E1}
	EndProjectSection
EndProject
Project("{FAE04EC0-301F-11D3-BF4B-00C04F79EFBC}") = "BuildingBlocks.Domain", "BuildingBlocks.Domain\BuildingBlocks.Domain.csproj", "{42AD0C4C-8F3A-45B4-AFC9-737437A604E1}"
EndProject
Global
	GlobalSection(SolutionConfigurationPlatforms) = preSolution
		Debug|Any CPU = Debug|Any CPU
		Release|Any CPU = Release|Any CPU
	EndGlobalSection
	GlobalSection(ProjectConfigurationPlatforms) = postSolution
		{032863F2-E9DA-4E99-A305-E503420D5D9E}.Debug|Any CPU.ActiveCfg = Debug|Any CPU
		{032863F2-E9DA-4E99-A305-E503420D5D9E}.Debug|Any CPU.Build.0 = Debug|Any CPU
		{032863F2-E9DA-4E99-A305-E503420D5D9E}.Release|Any CPU.ActiveCfg = Release|Any CPU
		{032863F2-E9DA-4E99-A305-E503420D5D9E}.Release|Any CPU.Build.0 = Release|Any CPU
		{784BE1D8-BF97-4E13-B38A-D3F82A9FCD5E}.Debug|Any CPU.ActiveCfg = Debug|Any CPU
		{784BE1D8-BF97-4E13-B38A-D3F82A9FCD5E}.Debug|Any CPU.Build.0 = Debug|Any CPU
		{784BE1D8-BF97-4E13-B38A-D3F82A9FCD5E}.Release|Any CPU.ActiveCfg = Release|Any CPU
		{784BE1D8-BF97-4E13-B38A-D3F82A9FCD5E}.Release|Any CPU.Build.0 = Release|Any CPU
		{1065DAF3-CEC3-4B2D-9673-969169C0789D}.Debug|Any CPU.ActiveCfg = Debug|Any CPU
		{1065DAF3-CEC3-4B2D-9673-969169C0789D}.Debug|Any CPU.Build.0 = Debug|Any CPU
		{1065DAF3-CEC3-4B2D-9673-969169C0789D}.Release|Any CPU.ActiveCfg = Release|Any CPU
		{1065DAF3-CEC3-4B2D-9673-969169C0789D}.Release|Any CPU.Build.0 = Release|Any CPU
		{E33B5313-0498-48E1-A4B6-39264C03427C}.Debug|Any CPU.ActiveCfg = Debug|Any CPU
		{E33B5313-0498-48E1-A4B6-39264C03427C}.Debug|Any CPU.Build.0 = Debug|Any CPU
		{E33B5313-0498-48E1-A4B6-39264C03427C}.Release|Any CPU.ActiveCfg = Release|Any CPU
		{E33B5313-0498-48E1-A4B6-39264C03427C}.Release|Any CPU.Build.0 = Release|Any CPU
		{E97C9B57-2C5C-44E5-877B-D27136B9D277}.Debug|Any CPU.ActiveCfg = Debug|Any CPU
		{E97C9B57-2C5C-44E5-877B-D27136B9D277}.Debug|Any CPU.Build.0 = Debug|Any CPU
		{E97C9B57-2C5C-44E5-877B-D27136B9D277}.Release|Any CPU.ActiveCfg = Release|Any CPU
		{E97C9B57-2C5C-44E5-877B-D27136B9D277}.Release|Any CPU.Build.0 = Release|Any CPU
		{9804AB3B-8E6A-4BA8-B788-3513D6C7FADD}.Debug|Any CPU.ActiveCfg = Debug|Any CPU
		{9804AB3B-8E6A-4BA8-B788-3513D6C7FADD}.Debug|Any CPU.Build.0 = Debug|Any CPU
		{9804AB3B-8E6A-4BA8-B788-3513D6C7FADD}.Release|Any CPU.ActiveCfg = Release|Any CPU
		{9804AB3B-8E6A-4BA8-B788-3513D6C7FADD}.Release|Any CPU.Build.0 = Release|Any CPU
		{42AD0C4C-8F3A-45B4-AFC9-737437A604E1}.Debug|Any CPU.ActiveCfg = Debug|Any CPU
		{42AD0C4C-8F3A-45B4-AFC9-737437A604E1}.Debug|Any CPU.Build.0 = Debug|Any CPU
		{42AD0C4C-8F3A-45B4-AFC9-737437A604E1}.Release|Any CPU.ActiveCfg = Release|Any CPU
		{42AD0C4C-8F3A-45B4-AFC9-737437A604E1}.Release|Any CPU.Build.0 = Release|Any CPU
	EndGlobalSection
	GlobalSection(SolutionProperties) = preSolution
		HideSolutionNode = FALSE
	EndGlobalSection
	GlobalSection(NestedProjects) = preSolution
		{784BE1D8-BF97-4E13-B38A-D3F82A9FCD5E} = {C628BDED-900C-4E28-8334-BBB6DC8F633A}
		{1065DAF3-CEC3-4B2D-9673-969169C0789D} = {C628BDED-900C-4E28-8334-BBB6DC8F633A}
		{E33B5313-0498-48E1-A4B6-39264C03427C} = {C628BDED-900C-4E28-8334-BBB6DC8F633A}
		{E97C9B57-2C5C-44E5-877B-D27136B9D277} = {FC0520C5-09F9-4E5B-85A7-07FF968C402A}
		{9804AB3B-8E6A-4BA8-B788-3513D6C7FADD} = {FC0520C5-09F9-4E5B-85A7-07FF968C402A}
		{42AD0C4C-8F3A-45B4-AFC9-737437A604E1} = {FC0520C5-09F9-4E5B-85A7-07FF968C402A}
	EndGlobalSection
	GlobalSection(ExtensibilityGlobals) = postSolution
		SolutionGuid = {489F2346-69F7-49EE-A9A9-BE654F0CFC2C}
	EndGlobalSection
EndGlobal
